// !$*UTF8*$!
{
	archiveVersion = 1;
	classes = {
	};
	objectVersion = 50;
	objects = {

/* Begin PBXBuildFile section */
		DCABD61A9BA6B99FF84B1185 /* Pods_Weather_Live.framework in Frameworks */ = {isa = PBXBuildFile; fileRef = 57C0C01C7586267323E078B1 /* Pods_Weather_Live.framework */; };
		F21A66F421874D93003AA195 /* APIManager.swift in Sources */ = {isa = PBXBuildFile; fileRef = F21A66F321874D93003AA195 /* APIManager.swift */; };
		F23E4367217F6C6D00A07672 /* AppDelegate.swift in Sources */ = {isa = PBXBuildFile; fileRef = F23E4366217F6C6D00A07672 /* AppDelegate.swift */; };
		F23E4369217F6C6D00A07672 /* WeatherDisplayViewController.swift in Sources */ = {isa = PBXBuildFile; fileRef = F23E4368217F6C6D00A07672 /* WeatherDisplayViewController.swift */; };
		F23E436C217F6C6D00A07672 /* Main.storyboard in Resources */ = {isa = PBXBuildFile; fileRef = F23E436A217F6C6D00A07672 /* Main.storyboard */; };
		F23E436E217F6C6E00A07672 /* Assets.xcassets in Resources */ = {isa = PBXBuildFile; fileRef = F23E436D217F6C6E00A07672 /* Assets.xcassets */; };
		F23E4371217F6C6E00A07672 /* LaunchScreen.storyboard in Resources */ = {isa = PBXBuildFile; fileRef = F23E436F217F6C6E00A07672 /* LaunchScreen.storyboard */; };
		F28D3CF02183892E000E3607 /* LocatinSelectorViewController.swift in Sources */ = {isa = PBXBuildFile; fileRef = F28D3CEF2183892E000E3607 /* LocatinSelectorViewController.swift */; };
		F28D3CF521838FC6000E3607 /* WeatherData.swift in Sources */ = {isa = PBXBuildFile; fileRef = F28D3CF421838FC6000E3607 /* WeatherData.swift */; };
		F28D3CF721838FDD000E3607 /* GeoCodingData.swift in Sources */ = {isa = PBXBuildFile; fileRef = F28D3CF621838FDD000E3607 /* GeoCodingData.swift */; };
		F2E9E9E82182370A00EF51DC /* APIKeys.swift in Sources */ = {isa = PBXBuildFile; fileRef = F2E9E9E72182370A00EF51DC /* APIKeys.swift */; };
/* End PBXBuildFile section */

/* Begin PBXFileReference section */
		03EB2655420F6AB1E0271AFE /* Pods-Weather Live.debug.xcconfig */ = {isa = PBXFileReference; includeInIndex = 1; lastKnownFileType = text.xcconfig; name = "Pods-Weather Live.debug.xcconfig"; path = "Pods/Target Support Files/Pods-Weather Live/Pods-Weather Live.debug.xcconfig"; sourceTree = "<group>"; };
		54D3AB1B7BA2BA0FEEC4AB04 /* Pods-Weather Live.release.xcconfig */ = {isa = PBXFileReference; includeInIndex = 1; lastKnownFileType = text.xcconfig; name = "Pods-Weather Live.release.xcconfig"; path = "Pods/Target Support Files/Pods-Weather Live/Pods-Weather Live.release.xcconfig"; sourceTree = "<group>"; };
		57C0C01C7586267323E078B1 /* Pods_Weather_Live.framework */ = {isa = PBXFileReference; explicitFileType = wrapper.framework; includeInIndex = 0; path = Pods_Weather_Live.framework; sourceTree = BUILT_PRODUCTS_DIR; };
		F21A66F321874D93003AA195 /* APIManager.swift */ = {isa = PBXFileReference; lastKnownFileType = sourcecode.swift; path = APIManager.swift; sourceTree = "<group>"; };
		F23E4363217F6C6D00A07672 /* Weather Live.app */ = {isa = PBXFileReference; explicitFileType = wrapper.application; includeInIndex = 0; path = "Weather Live.app"; sourceTree = BUILT_PRODUCTS_DIR; };
		F23E4366217F6C6D00A07672 /* AppDelegate.swift */ = {isa = PBXFileReference; lastKnownFileType = sourcecode.swift; path = AppDelegate.swift; sourceTree = "<group>"; };
		F23E4368217F6C6D00A07672 /* WeatherDisplayViewController.swift */ = {isa = PBXFileReference; lastKnownFileType = sourcecode.swift; path = WeatherDisplayViewController.swift; sourceTree = "<group>"; };
		F23E436B217F6C6D00A07672 /* Base */ = {isa = PBXFileReference; lastKnownFileType = file.storyboard; name = Base; path = Base.lproj/Main.storyboard; sourceTree = "<group>"; };
		F23E436D217F6C6E00A07672 /* Assets.xcassets */ = {isa = PBXFileReference; lastKnownFileType = folder.assetcatalog; path = Assets.xcassets; sourceTree = "<group>"; };
		F23E4370217F6C6E00A07672 /* Base */ = {isa = PBXFileReference; lastKnownFileType = file.storyboard; name = Base; path = Base.lproj/LaunchScreen.storyboard; sourceTree = "<group>"; };
		F23E4372217F6C6E00A07672 /* Info.plist */ = {isa = PBXFileReference; lastKnownFileType = text.plist.xml; path = Info.plist; sourceTree = "<group>"; };
		F28D3CEF2183892E000E3607 /* LocatinSelectorViewController.swift */ = {isa = PBXFileReference; lastKnownFileType = sourcecode.swift; path = LocatinSelectorViewController.swift; sourceTree = "<group>"; };
		F28D3CF421838FC6000E3607 /* WeatherData.swift */ = {isa = PBXFileReference; lastKnownFileType = sourcecode.swift; path = WeatherData.swift; sourceTree = "<group>"; };
		F28D3CF621838FDD000E3607 /* GeoCodingData.swift */ = {isa = PBXFileReference; lastKnownFileType = sourcecode.swift; path = GeoCodingData.swift; sourceTree = "<group>"; };
		F2E9E9E72182370A00EF51DC /* APIKeys.swift */ = {isa = PBXFileReference; lastKnownFileType = sourcecode.swift; path = APIKeys.swift; sourceTree = "<group>"; };
/* End PBXFileReference section */

/* Begin PBXFrameworksBuildPhase section */
		F23E4360217F6C6D00A07672 /* Frameworks */ = {
			isa = PBXFrameworksBuildPhase;
			buildActionMask = 2147483647;
			files = (
				DCABD61A9BA6B99FF84B1185 /* Pods_Weather_Live.framework in Frameworks */,
			);
			runOnlyForDeploymentPostprocessing = 0;
		};
/* End PBXFrameworksBuildPhase section */

/* Begin PBXGroup section */
		4A954A704F6E250EFDBFBF4A /* Pods */ = {
			isa = PBXGroup;
			children = (
				03EB2655420F6AB1E0271AFE /* Pods-Weather Live.debug.xcconfig */,
				54D3AB1B7BA2BA0FEEC4AB04 /* Pods-Weather Live.release.xcconfig */,
			);
			name = Pods;
			sourceTree = "<group>";
		};
		E2D0D6D97391DF79B2BE27D6 /* Frameworks */ = {
			isa = PBXGroup;
			children = (
				57C0C01C7586267323E078B1 /* Pods_Weather_Live.framework */,
			);
			name = Frameworks;
			sourceTree = "<group>";
		};
		F21A66F221874D64003AA195 /* New Group */ = {
			isa = PBXGroup;
			children = (
				F2E9E9E72182370A00EF51DC /* APIKeys.swift */,
				F21A66F321874D93003AA195 /* APIManager.swift */,
			);
			path = "New Group";
			sourceTree = "<group>";
		};
		F23E435A217F6C6D00A07672 = {
			isa = PBXGroup;
			children = (
				F23E4365217F6C6D00A07672 /* Weather Live */,
				F23E4364217F6C6D00A07672 /* Products */,
				4A954A704F6E250EFDBFBF4A /* Pods */,
				E2D0D6D97391DF79B2BE27D6 /* Frameworks */,
			);
			sourceTree = "<group>";
		};
		F23E4364217F6C6D00A07672 /* Products */ = {
			isa = PBXGroup;
			children = (
				F23E4363217F6C6D00A07672 /* Weather Live.app */,
			);
			name = Products;
			sourceTree = "<group>";
		};
		F23E4365217F6C6D00A07672 /* Weather Live */ = {
			isa = PBXGroup;
			children = (
				F21A66F221874D64003AA195 /* New Group */,
				F28D3CF321838F2D000E3607 /* Data Models */,
				F28D3CF221838EDB000E3607 /* ViewControllers */,
				F28D3CF121838EB2000E3607 /* Storyboards */,
				F23E4366217F6C6D00A07672 /* AppDelegate.swift */,
				F23E436D217F6C6E00A07672 /* Assets.xcassets */,
				F23E4372217F6C6E00A07672 /* Info.plist */,
			);
			path = "Weather Live";
			sourceTree = "<group>";
		};
		F28D3CF121838EB2000E3607 /* Storyboards */ = {
			isa = PBXGroup;
			children = (
				F23E436F217F6C6E00A07672 /* LaunchScreen.storyboard */,
				F23E436A217F6C6D00A07672 /* Main.storyboard */,
			);
			path = Storyboards;
			sourceTree = "<group>";
		};
		F28D3CF221838EDB000E3607 /* ViewControllers */ = {
			isa = PBXGroup;
			children = (
				F23E4368217F6C6D00A07672 /* WeatherDisplayViewController.swift */,
				F28D3CEF2183892E000E3607 /* LocatinSelectorViewController.swift */,
			);
			path = ViewControllers;
			sourceTree = "<group>";
		};
		F28D3CF321838F2D000E3607 /* Data Models */ = {
			isa = PBXGroup;
			children = (
				F28D3CF421838FC6000E3607 /* WeatherData.swift */,
				F28D3CF621838FDD000E3607 /* GeoCodingData.swift */,
			);
			path = "Data Models";
			sourceTree = "<group>";
		};
/* End PBXGroup section */

/* Begin PBXNativeTarget section */
		F23E4362217F6C6D00A07672 /* Weather Live */ = {
			isa = PBXNativeTarget;
			buildConfigurationList = F23E4375217F6C6E00A07672 /* Build configuration list for PBXNativeTarget "Weather Live" */;
			buildPhases = (
				9F756F8F5D31FC7B6F1996FD /* [CP] Check Pods Manifest.lock */,
				F23E435F217F6C6D00A07672 /* Sources */,
				F23E4360217F6C6D00A07672 /* Frameworks */,
				F23E4361217F6C6D00A07672 /* Resources */,
				18FF33DC0F01187BCED0D89E /* [CP] Embed Pods Frameworks */,
			);
			buildRules = (
			);
			dependencies = (
			);
			name = "Weather Live";
			productName = "Weather Live";
			productReference = F23E4363217F6C6D00A07672 /* Weather Live.app */;
			productType = "com.apple.product-type.application";
		};
/* End PBXNativeTarget section */

/* Begin PBXProject section */
		F23E435B217F6C6D00A07672 /* Project object */ = {
			isa = PBXProject;
			attributes = {
				LastSwiftUpdateCheck = 1000;
				LastUpgradeCheck = 1000;
				ORGANIZATIONNAME = "Sawyer Cherry";
				TargetAttributes = {
					F23E4362217F6C6D00A07672 = {
						CreatedOnToolsVersion = 10.0;
					};
				};
			};
			buildConfigurationList = F23E435E217F6C6D00A07672 /* Build configuration list for PBXProject "Weather Live" */;
			compatibilityVersion = "Xcode 9.3";
			developmentRegion = en;
			hasScannedForEncodings = 0;
			knownRegions = (
				en,
				Base,
			);
			mainGroup = F23E435A217F6C6D00A07672;
			productRefGroup = F23E4364217F6C6D00A07672 /* Products */;
			projectDirPath = "";
			projectRoot = "";
			targets = (
				F23E4362217F6C6D00A07672 /* Weather Live */,
			);
		};
/* End PBXProject section */

/* Begin PBXResourcesBuildPhase section */
		F23E4361217F6C6D00A07672 /* Resources */ = {
			isa = PBXResourcesBuildPhase;
			buildActionMask = 2147483647;
			files = (
				F23E4371217F6C6E00A07672 /* LaunchScreen.storyboard in Resources */,
				F23E436E217F6C6E00A07672 /* Assets.xcassets in Resources */,
				F23E436C217F6C6D00A07672 /* Main.storyboard in Resources */,
			);
			runOnlyForDeploymentPostprocessing = 0;
		};
/* End PBXResourcesBuildPhase section */

/* Begin PBXShellScriptBuildPhase section */
		18FF33DC0F01187BCED0D89E /* [CP] Embed Pods Frameworks */ = {
			isa = PBXShellScriptBuildPhase;
			buildActionMask = 2147483647;
			files = (
			);
			inputPaths = (
				"${SRCROOT}/Pods/Target Support Files/Pods-Weather Live/Pods-Weather Live-frameworks.sh",
				"${BUILT_PRODUCTS_DIR}/Alamofire/Alamofire.framework",
				"${BUILT_PRODUCTS_DIR}/SwiftyJSON/SwiftyJSON.framework",
			);
			name = "[CP] Embed Pods Frameworks";
			outputPaths = (
				"${TARGET_BUILD_DIR}/${FRAMEWORKS_FOLDER_PATH}/Alamofire.framework",
				"${TARGET_BUILD_DIR}/${FRAMEWORKS_FOLDER_PATH}/SwiftyJSON.framework",
			);
			runOnlyForDeploymentPostprocessing = 0;
			shellPath = /bin/sh;
			shellScript = "\"${SRCROOT}/Pods/Target Support Files/Pods-Weather Live/Pods-Weather Live-frameworks.sh\"\n";
			showEnvVarsInLog = 0;
		};
		9F756F8F5D31FC7B6F1996FD /* [CP] Check Pods Manifest.lock */ = {
			isa = PBXShellScriptBuildPhase;
			buildActionMask = 2147483647;
			files = (
			);
			inputPaths = (
				"${PODS_PODFILE_DIR_PATH}/Podfile.lock",
				"${PODS_ROOT}/Manifest.lock",
			);
			name = "[CP] Check Pods Manifest.lock";
			outputPaths = (
				"$(DERIVED_FILE_DIR)/Pods-Weather Live-checkManifestLockResult.txt",
			);
			runOnlyForDeploymentPostprocessing = 0;
			shellPath = /bin/sh;
			shellScript = "diff \"${PODS_PODFILE_DIR_PATH}/Podfile.lock\" \"${PODS_ROOT}/Manifest.lock\" > /dev/null\nif [ $? != 0 ] ; then\n    # print error to STDERR\n    echo \"error: The sandbox is not in sync with the Podfile.lock. Run 'pod install' or update your CocoaPods installation.\" >&2\n    exit 1\nfi\n# This output is used by Xcode 'outputs' to avoid re-running this script phase.\necho \"SUCCESS\" > \"${SCRIPT_OUTPUT_FILE_0}\"\n";
			showEnvVarsInLog = 0;
		};
/* End PBXShellScriptBuildPhase section */

/* Begin PBXSourcesBuildPhase section */
		F23E435F217F6C6D00A07672 /* Sources */ = {
			isa = PBXSourcesBuildPhase;
			buildActionMask = 2147483647;
			files = (
				F28D3CF02183892E000E3607 /* LocatinSelectorViewController.swift in Sources */,
				F28D3CF721838FDD000E3607 /* GeoCodingData.swift in Sources */,
				F28D3CF521838FC6000E3607 /* WeatherData.swift in Sources */,
				F2E9E9E82182370A00EF51DC /* APIKeys.swift in Sources */,
				F23E4369217F6C6D00A07672 /* WeatherDisplayViewController.swift in Sources */,
				F23E4367217F6C6D00A07672 /* AppDelegate.swift in Sources */,
				F21A66F421874D93003AA195 /* APIManager.swift in Sources */,
			);
			runOnlyForDeploymentPostprocessing = 0;
		};
/* End PBXSourcesBuildPhase section */

/* Begin PBXVariantGroup section */
		F23E436A217F6C6D00A07672 /* Main.storyboard */ = {
			isa = PBXVariantGroup;
			children = (
				F23E436B217F6C6D00A07672 /* Base */,
			);
			name = Main.storyboard;
			sourceTree = "<group>";
		};
		F23E436F217F6C6E00A07672 /* LaunchScreen.storyboard */ = {
			isa = PBXVariantGroup;
			children = (
				F23E4370217F6C6E00A07672 /* Base */,
			);
			name = LaunchScreen.storyboard;
			sourceTree = "<group>";
		};
/* End PBXVariantGroup section */

/* Begin XCBuildConfiguration section */
		F23E4373217F6C6E00A07672 /* Debug */ = {
			isa = XCBuildConfiguration;
			buildSettings = {
				ALWAYS_SEARCH_USER_PATHS = NO;
				CLANG_ANALYZER_NONNULL = YES;
				CLANG_ANALYZER_NUMBER_OBJECT_CONVERSION = YES_AGGRESSIVE;
				CLANG_CXX_LANGUAGE_STANDARD = "gnu++14";
				CLANG_CXX_LIBRARY = "libc++";
				CLANG_ENABLE_MODULES = YES;
				CLANG_ENABLE_OBJC_ARC = YES;
				CLANG_ENABLE_OBJC_WEAK = YES;
				CLANG_WARN_BLOCK_CAPTURE_AUTORELEASING = YES;
				CLANG_WARN_BOOL_CONVERSION = YES;
				CLANG_WARN_COMMA = YES;
				CLANG_WARN_CONSTANT_CONVERSION = YES;
				CLANG_WARN_DEPRECATED_OBJC_IMPLEMENTATIONS = YES;
				CLANG_WARN_DIRECT_OBJC_ISA_USAGE = YES_ERROR;
				CLANG_WARN_DOCUMENTATION_COMMENTS = YES;
				CLANG_WARN_EMPTY_BODY = YES;
				CLANG_WARN_ENUM_CONVERSION = YES;
				CLANG_WARN_INFINITE_RECURSION = YES;
				CLANG_WARN_INT_CONVERSION = YES;
				CLANG_WARN_NON_LITERAL_NULL_CONVERSION = YES;
				CLANG_WARN_OBJC_IMPLICIT_RETAIN_SELF = YES;
				CLANG_WARN_OBJC_LITERAL_CONVERSION = YES;
				CLANG_WARN_OBJC_ROOT_CLASS = YES_ERROR;
				CLANG_WARN_RANGE_LOOP_ANALYSIS = YES;
				CLANG_WARN_STRICT_PROTOTYPES = YES;
				CLANG_WARN_SUSPICIOUS_MOVE = YES;
				CLANG_WARN_UNGUARDED_AVAILABILITY = YES_AGGRESSIVE;
				CLANG_WARN_UNREACHABLE_CODE = YES;
				CLANG_WARN__DUPLICATE_METHOD_MATCH = YES;
				CODE_SIGN_IDENTITY = "iPhone Developer";
				COPY_PHASE_STRIP = NO;
				DEBUG_INFORMATION_FORMAT = dwarf;
				ENABLE_STRICT_OBJC_MSGSEND = YES;
				ENABLE_TESTABILITY = YES;
				GCC_C_LANGUAGE_STANDARD = gnu11;
				GCC_DYNAMIC_NO_PIC = NO;
				GCC_NO_COMMON_BLOCKS = YES;
				GCC_OPTIMIZATION_LEVEL = 0;
				GCC_PREPROCESSOR_DEFINITIONS = (
					"DEBUG=1",
					"$(inherited)",
				);
				GCC_WARN_64_TO_32_BIT_CONVERSION = YES;
				GCC_WARN_ABOUT_RETURN_TYPE = YES_ERROR;
				GCC_WARN_UNDECLARED_SELECTOR = YES;
				GCC_WARN_UNINITIALIZED_AUTOS = YES_AGGRESSIVE;
				GCC_WARN_UNUSED_FUNCTION = YES;
				GCC_WARN_UNUSED_VARIABLE = YES;
				IPHONEOS_DEPLOYMENT_TARGET = 12.0;
				MTL_ENABLE_DEBUG_INFO = INCLUDE_SOURCE;
				MTL_FAST_MATH = YES;
				ONLY_ACTIVE_ARCH = YES;
				SDKROOT = iphoneos;
				SWIFT_ACTIVE_COMPILATION_CONDITIONS = DEBUG;
				SWIFT_OPTIMIZATION_LEVEL = "-Onone";
			};
			name = Debug;
		};
		F23E4374217F6C6E00A07672 /* Release */ = {
			isa = XCBuildConfiguration;
			buildSettings = {
				ALWAYS_SEARCH_USER_PATHS = NO;
				CLANG_ANALYZER_NONNULL = YES;
				CLANG_ANALYZER_NUMBER_OBJECT_CONVERSION = YES_AGGRESSIVE;
				CLANG_CXX_LANGUAGE_STANDARD = "gnu++14";
				CLANG_CXX_LIBRARY = "libc++";
				CLANG_ENABLE_MODULES = YES;
				CLANG_ENABLE_OBJC_ARC = YES;
				CLANG_ENABLE_OBJC_WEAK = YES;
				CLANG_WARN_BLOCK_CAPTURE_AUTORELEASING = YES;
				CLANG_WARN_BOOL_CONVERSION = YES;
				CLANG_WARN_COMMA = YES;
				CLANG_WARN_CONSTANT_CONVERSION = YES;
				CLANG_WARN_DEPRECATED_OBJC_IMPLEMENTATIONS = YES;
				CLANG_WARN_DIRECT_OBJC_ISA_USAGE = YES_ERROR;
				CLANG_WARN_DOCUMENTATION_COMMENTS = YES;
				CLANG_WARN_EMPTY_BODY = YES;
				CLANG_WARN_ENUM_CONVERSION = YES;
				CLANG_WARN_INFINITE_RECURSION = YES;
				CLANG_WARN_INT_CONVERSION = YES;
				CLANG_WARN_NON_LITERAL_NULL_CONVERSION = YES;
				CLANG_WARN_OBJC_IMPLICIT_RETAIN_SELF = YES;
				CLANG_WARN_OBJC_LITERAL_CONVERSION = YES;
				CLANG_WARN_OBJC_ROOT_CLASS = YES_ERROR;
				CLANG_WARN_RANGE_LOOP_ANALYSIS = YES;
				CLANG_WARN_STRICT_PROTOTYPES = YES;
				CLANG_WARN_SUSPICIOUS_MOVE = YES;
				CLANG_WARN_UNGUARDED_AVAILABILITY = YES_AGGRESSIVE;
				CLANG_WARN_UNREACHABLE_CODE = YES;
				CLANG_WARN__DUPLICATE_METHOD_MATCH = YES;
				CODE_SIGN_IDENTITY = "iPhone Developer";
				COPY_PHASE_STRIP = NO;
				DEBUG_INFORMATION_FORMAT = "dwarf-with-dsym";
				ENABLE_NS_ASSERTIONS = NO;
				ENABLE_STRICT_OBJC_MSGSEND = YES;
				GCC_C_LANGUAGE_STANDARD = gnu11;
				GCC_NO_COMMON_BLOCKS = YES;
				GCC_WARN_64_TO_32_BIT_CONVERSION = YES;
				GCC_WARN_ABOUT_RETURN_TYPE = YES_ERROR;
				GCC_WARN_UNDECLARED_SELECTOR = YES;
				GCC_WARN_UNINITIALIZED_AUTOS = YES_AGGRESSIVE;
				GCC_WARN_UNUSED_FUNCTION = YES;
				GCC_WARN_UNUSED_VARIABLE = YES;
				IPHONEOS_DEPLOYMENT_TARGET = 12.0;
				MTL_ENABLE_DEBUG_INFO = NO;
				MTL_FAST_MATH = YES;
				SDKROOT = iphoneos;
				SWIFT_COMPILATION_MODE = wholemodule;
				SWIFT_OPTIMIZATION_LEVEL = "-O";
				VALIDATE_PRODUCT = YES;
			};
			name = Release;
		};
		F23E4376217F6C6E00A07672 /* Debug */ = {
			isa = XCBuildConfiguration;
			baseConfigurationReference = 03EB2655420F6AB1E0271AFE /* Pods-Weather Live.debug.xcconfig */;
			buildSettings = {
				ASSETCATALOG_COMPILER_APPICON_NAME = AppIcon;
				CODE_SIGN_STYLE = Automatic;
				DEVELOPMENT_TEAM = GDUSYDN3AG;
				INFOPLIST_FILE = "Weather Live/Info.plist";
				LD_RUNPATH_SEARCH_PATHS = (
					"$(inherited)",
					"@executable_path/Frameworks",
				);
				PRODUCT_BUNDLE_IDENTIFIER = "com.interaptskills.Weather-Live";
				PRODUCT_NAME = "$(TARGET_NAME)";
				SWIFT_VERSION = 4.2;
				TARGETED_DEVICE_FAMILY = 1;
			};
			name = Debug;
		};
		F23E4377217F6C6E00A07672 /* Release */ = {
			isa = XCBuildConfiguration;
			baseConfigurationReference = 54D3AB1B7BA2BA0FEEC4AB04 /* Pods-Weather Live.release.xcconfig */;
			buildSettings = {
				ASSETCATALOG_COMPILER_APPICON_NAME = AppIcon;
				CODE_SIGN_STYLE = Automatic;
				DEVELOPMENT_TEAM = GDUSYDN3AG;
				INFOPLIST_FILE = "Weather Live/Info.plist";
				LD_RUNPATH_SEARCH_PATHS = (
					"$(inherited)",
					"@executable_path/Frameworks",
				);
				PRODUCT_BUNDLE_IDENTIFIER = "com.interaptskills.Weather-Live";
				PRODUCT_NAME = "$(TARGET_NAME)";
				SWIFT_VERSION = 4.2;
				TARGETED_DEVICE_FAMILY = 1;
			};
			name = Release;
		};
/* End XCBuildConfiguration section */

/* Begin XCConfigurationList section */
		F23E435E217F6C6D00A07672 /* Build configuration list for PBXProject "Weather Live" */ = {
			isa = XCConfigurationList;
			buildConfigurations = (
				F23E4373217F6C6E00A07672 /* Debug */,
				F23E4374217F6C6E00A07672 /* Release */,
			);
			defaultConfigurationIsVisible = 0;
			defaultConfigurationName = Release;
		};
		F23E4375217F6C6E00A07672 /* Build configuration list for PBXNativeTarget "Weather Live" */ = {
			isa = XCConfigurationList;
			buildConfigurations = (
				F23E4376217F6C6E00A07672 /* Debug */,
				F23E4377217F6C6E00A07672 /* Release */,
			);
			defaultConfigurationIsVisible = 0;
			defaultConfigurationName = Release;
		};
/* End XCConfigurationList section */
	};
	rootObject = F23E435B217F6C6D00A07672 /* Project object */;
}
